version: 1.0
shards:
  kemal:
    github: kemalcr/kemal
    commit: 0b4856b7417592743a27fc3e30867fd141395bf6

  kilt:
    github: jeromegn/kilt
    version: 0.3.3

  mu-html:
    github: da99/mu-html
    commit: 668d3b217ab588a8d5a42109bdfaedf640a46272

  radix:
    github: luislavena/radix
    version: 0.3.8

